
Microsoft Visual Studio Solution File, Format Version 12.00
# Visual Studio Version 16
VisualStudioVersion = 16.0.29001.49
MinimumVisualStudioVersion = 10.0.40219.1
Project("{2150E333-8FDC-42A3-9474-1A3956D46DE8}") = "1.UI", "1.UI", "{75247AD0-9463-4BF7-B07F-51184DF717F5}"
EndProject
Project("{2150E333-8FDC-42A3-9474-1A3956D46DE8}") = "2.Application", "2.Application", "{234FD252-0274-4F43-90B5-CB0178E0AFD0}"
EndProject
Project("{2150E333-8FDC-42A3-9474-1A3956D46DE8}") = "3.Repository", "3.Repository", "{CDB6E5EB-9893-43E7-ACFD-C89DB05DAB99}"
EndProject
Project("{2150E333-8FDC-42A3-9474-1A3956D46DE8}") = "4.Entity", "4.Entity", "{E6162EE3-83CF-41CC-AAA8-682CED3D666E}"
EndProject
Project("{2150E333-8FDC-42A3-9474-1A3956D46DE8}") = "5.Infrastructure", "5.Infrastructure", "{26FAA0B1-B775-40D4-BA90-8528945CD73B}"
EndProject
Project("{2150E333-8FDC-42A3-9474-1A3956D46DE8}") = "6.Test", "6.Test", "{F15BD7A5-4FEF-404D-977C-AE4A460A1BA2}"
EndProject
Project("{FAE04EC0-301F-11D3-BF4B-00C04F79EFBC}") = "WyBlog.Api", "src\WyBlog.Api\WyBlog.Api.csproj", "{8D83B340-4D26-4BC8-AB49-172B40BD2204}"
EndProject
Project("{FAE04EC0-301F-11D3-BF4B-00C04F79EFBC}") = "WyBlog.Models", "src\WyBlog.Models\WyBlog.Models.csproj", "{D9B8C82A-6EC8-4D9F-89D2-FDCBDAC35BEA}"
EndProject
Project("{FAE04EC0-301F-11D3-BF4B-00C04F79EFBC}") = "WyBlog.Dtos", "src\WyBlog.Dtos\WyBlog.Dtos.csproj", "{F98406B8-C20B-4C4A-B7AC-71A4B8A35F61}"
EndProject
Project("{FAE04EC0-301F-11D3-BF4B-00C04F79EFBC}") = "WyBlog.IServices", "src\WyBlog.IServices\WyBlog.IServices.csproj", "{8BB47FD8-038F-4B7B-BD86-C20D947B1318}"
EndProject
Project("{FAE04EC0-301F-11D3-BF4B-00C04F79EFBC}") = "WyBlog.Services", "src\WyBlog.Services\WyBlog.Services.csproj", "{B0EAD339-50FA-4A94-B65F-BF3C8EFFA337}"
EndProject
Project("{FAE04EC0-301F-11D3-BF4B-00C04F79EFBC}") = "WyBlog.IRepository", "src\WyBlog.IRepository\WyBlog.IRepository.csproj", "{B9B27AE6-1220-47CF-8D23-563CC5898E33}"
EndProject
Project("{FAE04EC0-301F-11D3-BF4B-00C04F79EFBC}") = "WyBlog.Repository.MySql", "src\WyBlog.Repository.MySql\WyBlog.Repository.MySql.csproj", "{6937CD43-1BBF-4426-B9CB-9B35C64A7625}"
EndProject
Project("{FAE04EC0-301F-11D3-BF4B-00C04F79EFBC}") = "WyBlog.Core", "src\WyBlog.Core\WyBlog.Core.csproj", "{6C295EBF-2675-4601-A5F1-E342E24505CA}"
EndProject
Global
	GlobalSection(SolutionConfigurationPlatforms) = preSolution
		Debug|Any CPU = Debug|Any CPU
		Release|Any CPU = Release|Any CPU
	EndGlobalSection
	GlobalSection(ProjectConfigurationPlatforms) = postSolution
		{8D83B340-4D26-4BC8-AB49-172B40BD2204}.Debug|Any CPU.ActiveCfg = Debug|Any CPU
		{8D83B340-4D26-4BC8-AB49-172B40BD2204}.Debug|Any CPU.Build.0 = Debug|Any CPU
		{8D83B340-4D26-4BC8-AB49-172B40BD2204}.Release|Any CPU.ActiveCfg = Release|Any CPU
		{8D83B340-4D26-4BC8-AB49-172B40BD2204}.Release|Any CPU.Build.0 = Release|Any CPU
		{D9B8C82A-6EC8-4D9F-89D2-FDCBDAC35BEA}.Debug|Any CPU.ActiveCfg = Debug|Any CPU
		{D9B8C82A-6EC8-4D9F-89D2-FDCBDAC35BEA}.Debug|Any CPU.Build.0 = Debug|Any CPU
		{D9B8C82A-6EC8-4D9F-89D2-FDCBDAC35BEA}.Release|Any CPU.ActiveCfg = Release|Any CPU
		{D9B8C82A-6EC8-4D9F-89D2-FDCBDAC35BEA}.Release|Any CPU.Build.0 = Release|Any CPU
		{F98406B8-C20B-4C4A-B7AC-71A4B8A35F61}.Debug|Any CPU.ActiveCfg = Debug|Any CPU
		{F98406B8-C20B-4C4A-B7AC-71A4B8A35F61}.Debug|Any CPU.Build.0 = Debug|Any CPU
		{F98406B8-C20B-4C4A-B7AC-71A4B8A35F61}.Release|Any CPU.ActiveCfg = Release|Any CPU
		{F98406B8-C20B-4C4A-B7AC-71A4B8A35F61}.Release|Any CPU.Build.0 = Release|Any CPU
		{8BB47FD8-038F-4B7B-BD86-C20D947B1318}.Debug|Any CPU.ActiveCfg = Debug|Any CPU
		{8BB47FD8-038F-4B7B-BD86-C20D947B1318}.Debug|Any CPU.Build.0 = Debug|Any CPU
		{8BB47FD8-038F-4B7B-BD86-C20D947B1318}.Release|Any CPU.ActiveCfg = Release|Any CPU
		{8BB47FD8-038F-4B7B-BD86-C20D947B1318}.Release|Any CPU.Build.0 = Release|Any CPU
		{B0EAD339-50FA-4A94-B65F-BF3C8EFFA337}.Debug|Any CPU.ActiveCfg = Debug|Any CPU
		{B0EAD339-50FA-4A94-B65F-BF3C8EFFA337}.Debug|Any CPU.Build.0 = Debug|Any CPU
		{B0EAD339-50FA-4A94-B65F-BF3C8EFFA337}.Release|Any CPU.ActiveCfg = Release|Any CPU
		{B0EAD339-50FA-4A94-B65F-BF3C8EFFA337}.Release|Any CPU.Build.0 = Release|Any CPU
		{B9B27AE6-1220-47CF-8D23-563CC5898E33}.Debug|Any CPU.ActiveCfg = Debug|Any CPU
		{B9B27AE6-1220-47CF-8D23-563CC5898E33}.Debug|Any CPU.Build.0 = Debug|Any CPU
		{B9B27AE6-1220-47CF-8D23-563CC5898E33}.Release|Any CPU.ActiveCfg = Release|Any CPU
		{B9B27AE6-1220-47CF-8D23-563CC5898E33}.Release|Any CPU.Build.0 = Release|Any CPU
		{6937CD43-1BBF-4426-B9CB-9B35C64A7625}.Debug|Any CPU.ActiveCfg = Debug|Any CPU
		{6937CD43-1BBF-4426-B9CB-9B35C64A7625}.Debug|Any CPU.Build.0 = Debug|Any CPU
		{6937CD43-1BBF-4426-B9CB-9B35C64A7625}.Release|Any CPU.ActiveCfg = Release|Any CPU
		{6937CD43-1BBF-4426-B9CB-9B35C64A7625}.Release|Any CPU.Build.0 = Release|Any CPU
		{6C295EBF-2675-4601-A5F1-E342E24505CA}.Debug|Any CPU.ActiveCfg = Debug|Any CPU
		{6C295EBF-2675-4601-A5F1-E342E24505CA}.Debug|Any CPU.Build.0 = Debug|Any CPU
		{6C295EBF-2675-4601-A5F1-E342E24505CA}.Release|Any CPU.ActiveCfg = Release|Any CPU
		{6C295EBF-2675-4601-A5F1-E342E24505CA}.Release|Any CPU.Build.0 = Release|Any CPU
	EndGlobalSection
	GlobalSection(SolutionProperties) = preSolution
		HideSolutionNode = FALSE
	EndGlobalSection
	GlobalSection(NestedProjects) = preSolution
		{8D83B340-4D26-4BC8-AB49-172B40BD2204} = {75247AD0-9463-4BF7-B07F-51184DF717F5}
		{D9B8C82A-6EC8-4D9F-89D2-FDCBDAC35BEA} = {E6162EE3-83CF-41CC-AAA8-682CED3D666E}
		{F98406B8-C20B-4C4A-B7AC-71A4B8A35F61} = {E6162EE3-83CF-41CC-AAA8-682CED3D666E}
		{8BB47FD8-038F-4B7B-BD86-C20D947B1318} = {234FD252-0274-4F43-90B5-CB0178E0AFD0}
		{B0EAD339-50FA-4A94-B65F-BF3C8EFFA337} = {234FD252-0274-4F43-90B5-CB0178E0AFD0}
		{B9B27AE6-1220-47CF-8D23-563CC5898E33} = {CDB6E5EB-9893-43E7-ACFD-C89DB05DAB99}
		{6937CD43-1BBF-4426-B9CB-9B35C64A7625} = {CDB6E5EB-9893-43E7-ACFD-C89DB05DAB99}
		{6C295EBF-2675-4601-A5F1-E342E24505CA} = {26FAA0B1-B775-40D4-BA90-8528945CD73B}
	EndGlobalSection
	GlobalSection(ExtensibilityGlobals) = postSolution
		SolutionGuid = {4AB89147-8B0F-4BC1-AC1D-2A6E0797B063}
	EndGlobalSection
EndGlobal
