
Microsoft Visual Studio Solution File, Format Version 12.00
# Visual Studio Version 16
VisualStudioVersion = 16.0.30413.136
MinimumVisualStudioVersion = 10.0.40219.1
Project("{9A19103F-16F7-4668-BE54-9A1E7A4F7556}") = "WYBlog.Domain", "src\WYBlog.Domain\WYBlog.Domain.csproj", "{DE012ACF-4D26-4907-BCFE-49394D5ED537}"
EndProject
Project("{2150E333-8FDC-42A3-9474-1A3956D46DE8}") = "src", "src", "{DF7ED3F0-1540-4992-AE0D-FF85EDA2A4B3}"
EndProject
Project("{9A19103F-16F7-4668-BE54-9A1E7A4F7556}") = "WYBlog.Domain.Shared", "src\WYBlog.Domain.Shared\WYBlog.Domain.Shared.csproj", "{16DFBF85-CCB5-42D5-B048-C96FFF572465}"
EndProject
Project("{9A19103F-16F7-4668-BE54-9A1E7A4F7556}") = "WYBlog.Application", "src\WYBlog.Application\WYBlog.Application.csproj", "{05EDE6B8-71D8-4B4D-BBC8-0D10D84D84CC}"
EndProject
Project("{9A19103F-16F7-4668-BE54-9A1E7A4F7556}") = "WYBlog.Application.Contracts", "src\WYBlog.Application.Contracts\WYBlog.Application.Contracts.csproj", "{8DCB5E48-8BED-445E-B52D-B68ACF5235F3}"
EndProject
Project("{9A19103F-16F7-4668-BE54-9A1E7A4F7556}") = "WYBlog.EntityFrameworkCore", "src\WYBlog.EntityFrameworkCore\WYBlog.EntityFrameworkCore.csproj", "{BE9675C6-F8C4-48C5-B601-DF425E08F605}"
EndProject
Project("{9A19103F-16F7-4668-BE54-9A1E7A4F7556}") = "WYBlog.EntityFrameworkCore.DbMigrations", "src\WYBlog.EntityFrameworkCore.DbMigrations\WYBlog.EntityFrameworkCore.DbMigrations.csproj", "{54EF1998-E940-4ECE-B652-92761DB4FA44}"
EndProject
Project("{9A19103F-16F7-4668-BE54-9A1E7A4F7556}") = "WYBlog.DbMigrator", "src\WYBlog.DbMigrator\WYBlog.DbMigrator.csproj", "{F9D7F11B-C0B3-497D-960C-C660560DED43}"
EndProject
Project("{FAE04EC0-301F-11D3-BF4B-00C04F79EFBC}") = "WYBlog.HttpApi", "src\WYBlog.HttpApi\WYBlog.HttpApi.csproj", "{93CCA80F-E55D-4F01-BB47-AB755092EB29}"
EndProject
Project("{9A19103F-16F7-4668-BE54-9A1E7A4F7556}") = "WYBlog.HttpApi.Host", "src\WYBlog.HttpApi.Host\WYBlog.HttpApi.Host.csproj", "{E2ABCD4A-2808-4F5B-B3E6-42DA56CE8185}"
EndProject
Project("{FAE04EC0-301F-11D3-BF4B-00C04F79EFBC}") = "WYBlog.Swagger", "src\WYBlog.Swagger\WYBlog.Swagger.csproj", "{261300C5-9F03-441B-81B9-F6C0DAC23F77}"
EndProject
Project("{2150E333-8FDC-42A3-9474-1A3956D46DE8}") = "test", "test", "{FAE30B3B-6A8F-47E0-BCF3-649E04B155DA}"
EndProject
Project("{FAE04EC0-301F-11D3-BF4B-00C04F79EFBC}") = "WYBlog.BackgroundJobs", "src\WYBlog.BackgroundJobs\WYBlog.BackgroundJobs.csproj", "{F1C20121-5BF3-435E-A1BE-D110FAB68A39}"
EndProject
Global
	GlobalSection(SolutionConfigurationPlatforms) = preSolution
		Debug|Any CPU = Debug|Any CPU
		Release|Any CPU = Release|Any CPU
	EndGlobalSection
	GlobalSection(ProjectConfigurationPlatforms) = postSolution
		{DE012ACF-4D26-4907-BCFE-49394D5ED537}.Debug|Any CPU.ActiveCfg = Debug|Any CPU
		{DE012ACF-4D26-4907-BCFE-49394D5ED537}.Debug|Any CPU.Build.0 = Debug|Any CPU
		{DE012ACF-4D26-4907-BCFE-49394D5ED537}.Release|Any CPU.ActiveCfg = Release|Any CPU
		{DE012ACF-4D26-4907-BCFE-49394D5ED537}.Release|Any CPU.Build.0 = Release|Any CPU
		{16DFBF85-CCB5-42D5-B048-C96FFF572465}.Debug|Any CPU.ActiveCfg = Debug|Any CPU
		{16DFBF85-CCB5-42D5-B048-C96FFF572465}.Debug|Any CPU.Build.0 = Debug|Any CPU
		{16DFBF85-CCB5-42D5-B048-C96FFF572465}.Release|Any CPU.ActiveCfg = Release|Any CPU
		{16DFBF85-CCB5-42D5-B048-C96FFF572465}.Release|Any CPU.Build.0 = Release|Any CPU
		{05EDE6B8-71D8-4B4D-BBC8-0D10D84D84CC}.Debug|Any CPU.ActiveCfg = Debug|Any CPU
		{05EDE6B8-71D8-4B4D-BBC8-0D10D84D84CC}.Debug|Any CPU.Build.0 = Debug|Any CPU
		{05EDE6B8-71D8-4B4D-BBC8-0D10D84D84CC}.Release|Any CPU.ActiveCfg = Release|Any CPU
		{05EDE6B8-71D8-4B4D-BBC8-0D10D84D84CC}.Release|Any CPU.Build.0 = Release|Any CPU
		{8DCB5E48-8BED-445E-B52D-B68ACF5235F3}.Debug|Any CPU.ActiveCfg = Debug|Any CPU
		{8DCB5E48-8BED-445E-B52D-B68ACF5235F3}.Debug|Any CPU.Build.0 = Debug|Any CPU
		{8DCB5E48-8BED-445E-B52D-B68ACF5235F3}.Release|Any CPU.ActiveCfg = Release|Any CPU
		{8DCB5E48-8BED-445E-B52D-B68ACF5235F3}.Release|Any CPU.Build.0 = Release|Any CPU
		{BE9675C6-F8C4-48C5-B601-DF425E08F605}.Debug|Any CPU.ActiveCfg = Debug|Any CPU
		{BE9675C6-F8C4-48C5-B601-DF425E08F605}.Debug|Any CPU.Build.0 = Debug|Any CPU
		{BE9675C6-F8C4-48C5-B601-DF425E08F605}.Release|Any CPU.ActiveCfg = Release|Any CPU
		{BE9675C6-F8C4-48C5-B601-DF425E08F605}.Release|Any CPU.Build.0 = Release|Any CPU
		{54EF1998-E940-4ECE-B652-92761DB4FA44}.Debug|Any CPU.ActiveCfg = Debug|Any CPU
		{54EF1998-E940-4ECE-B652-92761DB4FA44}.Debug|Any CPU.Build.0 = Debug|Any CPU
		{54EF1998-E940-4ECE-B652-92761DB4FA44}.Release|Any CPU.ActiveCfg = Release|Any CPU
		{54EF1998-E940-4ECE-B652-92761DB4FA44}.Release|Any CPU.Build.0 = Release|Any CPU
		{F9D7F11B-C0B3-497D-960C-C660560DED43}.Debug|Any CPU.ActiveCfg = Debug|Any CPU
		{F9D7F11B-C0B3-497D-960C-C660560DED43}.Debug|Any CPU.Build.0 = Debug|Any CPU
		{F9D7F11B-C0B3-497D-960C-C660560DED43}.Release|Any CPU.ActiveCfg = Release|Any CPU
		{F9D7F11B-C0B3-497D-960C-C660560DED43}.Release|Any CPU.Build.0 = Release|Any CPU
		{93CCA80F-E55D-4F01-BB47-AB755092EB29}.Debug|Any CPU.ActiveCfg = Debug|Any CPU
		{93CCA80F-E55D-4F01-BB47-AB755092EB29}.Debug|Any CPU.Build.0 = Debug|Any CPU
		{93CCA80F-E55D-4F01-BB47-AB755092EB29}.Release|Any CPU.ActiveCfg = Release|Any CPU
		{93CCA80F-E55D-4F01-BB47-AB755092EB29}.Release|Any CPU.Build.0 = Release|Any CPU
		{E2ABCD4A-2808-4F5B-B3E6-42DA56CE8185}.Debug|Any CPU.ActiveCfg = Debug|Any CPU
		{E2ABCD4A-2808-4F5B-B3E6-42DA56CE8185}.Debug|Any CPU.Build.0 = Debug|Any CPU
		{E2ABCD4A-2808-4F5B-B3E6-42DA56CE8185}.Release|Any CPU.ActiveCfg = Release|Any CPU
		{E2ABCD4A-2808-4F5B-B3E6-42DA56CE8185}.Release|Any CPU.Build.0 = Release|Any CPU
		{261300C5-9F03-441B-81B9-F6C0DAC23F77}.Debug|Any CPU.ActiveCfg = Debug|Any CPU
		{261300C5-9F03-441B-81B9-F6C0DAC23F77}.Debug|Any CPU.Build.0 = Debug|Any CPU
		{261300C5-9F03-441B-81B9-F6C0DAC23F77}.Release|Any CPU.ActiveCfg = Release|Any CPU
		{261300C5-9F03-441B-81B9-F6C0DAC23F77}.Release|Any CPU.Build.0 = Release|Any CPU
		{F1C20121-5BF3-435E-A1BE-D110FAB68A39}.Debug|Any CPU.ActiveCfg = Debug|Any CPU
		{F1C20121-5BF3-435E-A1BE-D110FAB68A39}.Debug|Any CPU.Build.0 = Debug|Any CPU
		{F1C20121-5BF3-435E-A1BE-D110FAB68A39}.Release|Any CPU.ActiveCfg = Release|Any CPU
		{F1C20121-5BF3-435E-A1BE-D110FAB68A39}.Release|Any CPU.Build.0 = Release|Any CPU
	EndGlobalSection
	GlobalSection(SolutionProperties) = preSolution
		HideSolutionNode = FALSE
	EndGlobalSection
	GlobalSection(NestedProjects) = preSolution
		{DE012ACF-4D26-4907-BCFE-49394D5ED537} = {DF7ED3F0-1540-4992-AE0D-FF85EDA2A4B3}
		{16DFBF85-CCB5-42D5-B048-C96FFF572465} = {DF7ED3F0-1540-4992-AE0D-FF85EDA2A4B3}
		{05EDE6B8-71D8-4B4D-BBC8-0D10D84D84CC} = {DF7ED3F0-1540-4992-AE0D-FF85EDA2A4B3}
		{8DCB5E48-8BED-445E-B52D-B68ACF5235F3} = {DF7ED3F0-1540-4992-AE0D-FF85EDA2A4B3}
		{BE9675C6-F8C4-48C5-B601-DF425E08F605} = {DF7ED3F0-1540-4992-AE0D-FF85EDA2A4B3}
		{54EF1998-E940-4ECE-B652-92761DB4FA44} = {DF7ED3F0-1540-4992-AE0D-FF85EDA2A4B3}
		{F9D7F11B-C0B3-497D-960C-C660560DED43} = {DF7ED3F0-1540-4992-AE0D-FF85EDA2A4B3}
		{93CCA80F-E55D-4F01-BB47-AB755092EB29} = {DF7ED3F0-1540-4992-AE0D-FF85EDA2A4B3}
		{E2ABCD4A-2808-4F5B-B3E6-42DA56CE8185} = {DF7ED3F0-1540-4992-AE0D-FF85EDA2A4B3}
		{261300C5-9F03-441B-81B9-F6C0DAC23F77} = {DF7ED3F0-1540-4992-AE0D-FF85EDA2A4B3}
		{F1C20121-5BF3-435E-A1BE-D110FAB68A39} = {DF7ED3F0-1540-4992-AE0D-FF85EDA2A4B3}
	EndGlobalSection
	GlobalSection(ExtensibilityGlobals) = postSolution
		SolutionGuid = {304352D5-ABB5-4A08-B8E4-41C1F143B3D0}
	EndGlobalSection
EndGlobal
