
Microsoft Visual Studio Solution File, Format Version 12.00
# Visual Studio Version 16
VisualStudioVersion = 16.0.29001.49
MinimumVisualStudioVersion = 10.0.40219.1
Project("{2150E333-8FDC-42A3-9474-1A3956D46DE8}") = "1.UI", "1.UI", "{75247AD0-9463-4BF7-B07F-51184DF717F5}"
EndProject
Project("{2150E333-8FDC-42A3-9474-1A3956D46DE8}") = "2.Application", "2.Application", "{234FD252-0274-4F43-90B5-CB0178E0AFD0}"
EndProject
Project("{2150E333-8FDC-42A3-9474-1A3956D46DE8}") = "3.Repository", "3.Repository", "{CDB6E5EB-9893-43E7-ACFD-C89DB05DAB99}"
EndProject
Project("{2150E333-8FDC-42A3-9474-1A3956D46DE8}") = "4.Entity", "4.Entity", "{E6162EE3-83CF-41CC-AAA8-682CED3D666E}"
EndProject
Project("{2150E333-8FDC-42A3-9474-1A3956D46DE8}") = "5.Infrastructure", "5.Infrastructure", "{26FAA0B1-B775-40D4-BA90-8528945CD73B}"
EndProject
Project("{2150E333-8FDC-42A3-9474-1A3956D46DE8}") = "6.Test", "6.Test", "{F15BD7A5-4FEF-404D-977C-AE4A460A1BA2}"
EndProject
Project("{9A19103F-16F7-4668-BE54-9A1E7A4F7556}") = "WyBlog.Dtos", "WyBlog.Dtos\WyBlog.Dtos.csproj", "{F98406B8-C20B-4C4A-B7AC-71A4B8A35F61}"
EndProject
Project("{9A19103F-16F7-4668-BE54-9A1E7A4F7556}") = "WyBlog.IServices", "WyBlog.IServices\WyBlog.IServices.csproj", "{8BB47FD8-038F-4B7B-BD86-C20D947B1318}"
EndProject
Project("{9A19103F-16F7-4668-BE54-9A1E7A4F7556}") = "WyBlog.Services", "WyBlog.Services\WyBlog.Services.csproj", "{B0EAD339-50FA-4A94-B65F-BF3C8EFFA337}"
EndProject
Project("{9A19103F-16F7-4668-BE54-9A1E7A4F7556}") = "WyBlog.IRepository", "WyBlog.IRepository\WyBlog.IRepository.csproj", "{B9B27AE6-1220-47CF-8D23-563CC5898E33}"
EndProject
Project("{9A19103F-16F7-4668-BE54-9A1E7A4F7556}") = "WyBlog.Repository.MySql", "WyBlog.Repository.MySql\WyBlog.Repository.MySql.csproj", "{6937CD43-1BBF-4426-B9CB-9B35C64A7625}"
EndProject
Project("{9A19103F-16F7-4668-BE54-9A1E7A4F7556}") = "WyBlog.Core", "WyBlog.Core\WyBlog.Core.csproj", "{6C295EBF-2675-4601-A5F1-E342E24505CA}"
EndProject
Project("{2150E333-8FDC-42A3-9474-1A3956D46DE8}") = "7.SolutionItems", "7.SolutionItems", "{767D13EB-2F3F-4F0F-8FA9-8467A9BACABD}"
	ProjectSection(SolutionItems) = preProject
		..\.gitattributes = ..\.gitattributes
		..\.gitignore = ..\.gitignore
		..\azure-pipelines.yml = ..\azure-pipelines.yml
		Dockerfile = Dockerfile
		..\README.md = ..\README.md
	EndProjectSection
EndProject
Project("{9A19103F-16F7-4668-BE54-9A1E7A4F7556}") = "WyBlog.Authentication", "WyBlog.Authentication\WyBlog.Authentication.csproj", "{6080551B-4970-4395-8AB2-2D81361736A6}"
EndProject
Project("{9A19103F-16F7-4668-BE54-9A1E7A4F7556}") = "WyBlog.Entities", "WyBlog.Entities\WyBlog.Entities.csproj", "{44B8AFA4-D313-4A27-A53D-D8CEF4EC8CDF}"
EndProject
Project("{9A19103F-16F7-4668-BE54-9A1E7A4F7556}") = "WyBlog.Web", "WyBlog.Web\WyBlog.Web.csproj", "{3CE0B21D-1575-48F9-ABCF-76793387ED47}"
EndProject
Global
	GlobalSection(SolutionConfigurationPlatforms) = preSolution
		Debug|Any CPU = Debug|Any CPU
		Release|Any CPU = Release|Any CPU
	EndGlobalSection
	GlobalSection(ProjectConfigurationPlatforms) = postSolution
		{F98406B8-C20B-4C4A-B7AC-71A4B8A35F61}.Debug|Any CPU.ActiveCfg = Debug|Any CPU
		{F98406B8-C20B-4C4A-B7AC-71A4B8A35F61}.Debug|Any CPU.Build.0 = Debug|Any CPU
		{F98406B8-C20B-4C4A-B7AC-71A4B8A35F61}.Release|Any CPU.ActiveCfg = Release|Any CPU
		{F98406B8-C20B-4C4A-B7AC-71A4B8A35F61}.Release|Any CPU.Build.0 = Release|Any CPU
		{8BB47FD8-038F-4B7B-BD86-C20D947B1318}.Debug|Any CPU.ActiveCfg = Debug|Any CPU
		{8BB47FD8-038F-4B7B-BD86-C20D947B1318}.Debug|Any CPU.Build.0 = Debug|Any CPU
		{8BB47FD8-038F-4B7B-BD86-C20D947B1318}.Release|Any CPU.ActiveCfg = Release|Any CPU
		{8BB47FD8-038F-4B7B-BD86-C20D947B1318}.Release|Any CPU.Build.0 = Release|Any CPU
		{B0EAD339-50FA-4A94-B65F-BF3C8EFFA337}.Debug|Any CPU.ActiveCfg = Debug|Any CPU
		{B0EAD339-50FA-4A94-B65F-BF3C8EFFA337}.Debug|Any CPU.Build.0 = Debug|Any CPU
		{B0EAD339-50FA-4A94-B65F-BF3C8EFFA337}.Release|Any CPU.ActiveCfg = Release|Any CPU
		{B0EAD339-50FA-4A94-B65F-BF3C8EFFA337}.Release|Any CPU.Build.0 = Release|Any CPU
		{B9B27AE6-1220-47CF-8D23-563CC5898E33}.Debug|Any CPU.ActiveCfg = Debug|Any CPU
		{B9B27AE6-1220-47CF-8D23-563CC5898E33}.Debug|Any CPU.Build.0 = Debug|Any CPU
		{B9B27AE6-1220-47CF-8D23-563CC5898E33}.Release|Any CPU.ActiveCfg = Release|Any CPU
		{B9B27AE6-1220-47CF-8D23-563CC5898E33}.Release|Any CPU.Build.0 = Release|Any CPU
		{6937CD43-1BBF-4426-B9CB-9B35C64A7625}.Debug|Any CPU.ActiveCfg = Debug|Any CPU
		{6937CD43-1BBF-4426-B9CB-9B35C64A7625}.Debug|Any CPU.Build.0 = Debug|Any CPU
		{6937CD43-1BBF-4426-B9CB-9B35C64A7625}.Release|Any CPU.ActiveCfg = Release|Any CPU
		{6937CD43-1BBF-4426-B9CB-9B35C64A7625}.Release|Any CPU.Build.0 = Release|Any CPU
		{6C295EBF-2675-4601-A5F1-E342E24505CA}.Debug|Any CPU.ActiveCfg = Debug|Any CPU
		{6C295EBF-2675-4601-A5F1-E342E24505CA}.Debug|Any CPU.Build.0 = Debug|Any CPU
		{6C295EBF-2675-4601-A5F1-E342E24505CA}.Release|Any CPU.ActiveCfg = Release|Any CPU
		{6C295EBF-2675-4601-A5F1-E342E24505CA}.Release|Any CPU.Build.0 = Release|Any CPU
		{6080551B-4970-4395-8AB2-2D81361736A6}.Debug|Any CPU.ActiveCfg = Debug|Any CPU
		{6080551B-4970-4395-8AB2-2D81361736A6}.Debug|Any CPU.Build.0 = Debug|Any CPU
		{6080551B-4970-4395-8AB2-2D81361736A6}.Release|Any CPU.ActiveCfg = Release|Any CPU
		{6080551B-4970-4395-8AB2-2D81361736A6}.Release|Any CPU.Build.0 = Release|Any CPU
		{44B8AFA4-D313-4A27-A53D-D8CEF4EC8CDF}.Debug|Any CPU.ActiveCfg = Debug|Any CPU
		{44B8AFA4-D313-4A27-A53D-D8CEF4EC8CDF}.Debug|Any CPU.Build.0 = Debug|Any CPU
		{44B8AFA4-D313-4A27-A53D-D8CEF4EC8CDF}.Release|Any CPU.ActiveCfg = Release|Any CPU
		{44B8AFA4-D313-4A27-A53D-D8CEF4EC8CDF}.Release|Any CPU.Build.0 = Release|Any CPU
		{3CE0B21D-1575-48F9-ABCF-76793387ED47}.Debug|Any CPU.ActiveCfg = Debug|Any CPU
		{3CE0B21D-1575-48F9-ABCF-76793387ED47}.Debug|Any CPU.Build.0 = Debug|Any CPU
		{3CE0B21D-1575-48F9-ABCF-76793387ED47}.Release|Any CPU.ActiveCfg = Release|Any CPU
		{3CE0B21D-1575-48F9-ABCF-76793387ED47}.Release|Any CPU.Build.0 = Release|Any CPU
	EndGlobalSection
	GlobalSection(SolutionProperties) = preSolution
		HideSolutionNode = FALSE
	EndGlobalSection
	GlobalSection(NestedProjects) = preSolution
		{F98406B8-C20B-4C4A-B7AC-71A4B8A35F61} = {E6162EE3-83CF-41CC-AAA8-682CED3D666E}
		{8BB47FD8-038F-4B7B-BD86-C20D947B1318} = {234FD252-0274-4F43-90B5-CB0178E0AFD0}
		{B0EAD339-50FA-4A94-B65F-BF3C8EFFA337} = {234FD252-0274-4F43-90B5-CB0178E0AFD0}
		{B9B27AE6-1220-47CF-8D23-563CC5898E33} = {CDB6E5EB-9893-43E7-ACFD-C89DB05DAB99}
		{6937CD43-1BBF-4426-B9CB-9B35C64A7625} = {CDB6E5EB-9893-43E7-ACFD-C89DB05DAB99}
		{6C295EBF-2675-4601-A5F1-E342E24505CA} = {26FAA0B1-B775-40D4-BA90-8528945CD73B}
		{6080551B-4970-4395-8AB2-2D81361736A6} = {26FAA0B1-B775-40D4-BA90-8528945CD73B}
		{44B8AFA4-D313-4A27-A53D-D8CEF4EC8CDF} = {E6162EE3-83CF-41CC-AAA8-682CED3D666E}
		{3CE0B21D-1575-48F9-ABCF-76793387ED47} = {75247AD0-9463-4BF7-B07F-51184DF717F5}
	EndGlobalSection
	GlobalSection(ExtensibilityGlobals) = postSolution
		SolutionGuid = {4AB89147-8B0F-4BC1-AC1D-2A6E0797B063}
	EndGlobalSection
EndGlobal
